# @generated - this file is auto-generated by `mise lock` https://mise.en.dev/dev-tools/mise-lock.html

[[tools.go]]
version = "1.22.12"
backend = "core:go"

[tools.go."platforms.linux-arm64"]
checksum = "sha256:fd017e647ec28525e86ae8203236e0653242722a7436929b1f775744e26278e7"
url = "https://dl.google.com/go/go1.22.12.linux-arm64.tar.gz"

[tools.go."platforms.linux-arm64-musl"]
checksum = "sha256:fd017e647ec28525e86ae8203236e0653242722a7436929b1f775744e26278e7"
url = "https://dl.google.com/go/go1.22.12.linux-arm64.tar.gz"

[tools.go."platforms.linux-x64"]
checksum = "sha256:4fa4f869b0f7fc6bb1eb2660e74657fbf04cdd290b5aef905585c86051b34d43"
url = "https://dl.google.com/go/go1.22.12.linux-amd64.tar.gz"

[tools.go."platforms.linux-x64-musl"]
checksum = "sha256:4fa4f869b0f7fc6bb1eb2660e74657fbf04cdd290b5aef905585c86051b34d43"
url = "https://dl.google.com/go/go1.22.12.linux-amd64.tar.gz"

[tools.go."platforms.macos-arm64"]
checksum = "sha256:416c35218edb9d20990b5d8fc87be655d8b39926f15524ea35c66ee70273050d"
url = "https://dl.google.com/go/go1.22.12.darwin-arm64.tar.gz"

[tools.go."platforms.macos-x64"]
checksum = "sha256:e7bbe07e96f0bd3df04225090fe1e7852ed33af37c43a23e16edbbb3b90a5b7c"
url = "https://dl.google.com/go/go1.22.12.darwin-amd64.tar.gz"

[tools.go."platforms.windows-x64"]
checksum = "sha256:2ceda04074eac51f4b0b85a9fcca38bcd49daee24bed9ea1f29958a8e22673a6"
url = "https://dl.google.com/go/go1.22.12.windows-amd64.zip"

[[tools.python]]
version = "3.12.13"
backend = "core:python"

[tools.python."platforms.linux-arm64"]
checksum = "sha256:b85154b9c7ca9de3f85f2c9f032d503151db16ef198de86b885fc61890c075ed"
url = "https://github.com/astral-sh/python-build-standalone/releases/download/20260623/cpython-3.12.13+20260623-aarch64-unknown-linux-gnu-install_only_stripped.tar.gz"
provenance = "github-attestations"

[tools.python."platforms.linux-arm64-musl"]
checksum = "sha256:66f59eb91a2c7e4fe11201e71d23abf1e14730e37d7ae86c68c50124f7c6d5b7"
url = "https://github.com/astral-sh/python-build-standalone/releases/download/20260623/cpython-3.12.13+20260623-aarch64-unknown-linux-musl-install_only_stripped.tar.gz"
provenance = "github-attestations"

[tools.python."platforms.linux-x64"]
checksum = "sha256:10a452caac7041357805f0c19a60576df53f1ab06d1abfc9200f1f0157cb3bd1"
url = "https://github.com/astral-sh/python-build-standalone/releases/download/20260623/cpython-3.12.13+20260623-x86_64-unknown-linux-gnu-install_only_stripped.tar.gz"
provenance = "github-attestations"

[tools.python."platforms.linux-x64-musl"]
checksum = "sha256:c97f849b60b7baf80c5fe734e905a777d668be86bf530274041682a7a7b239da"
url = "https://github.com/astral-sh/python-build-standalone/releases/download/20260623/cpython-3.12.13+20260623-x86_64-unknown-linux-musl-install_only_stripped.tar.gz"
provenance = "github-attestations"

[tools.python."platforms.macos-arm64"]
checksum = "sha256:41df7d3ae4757e84b97874f76d634268456aaa271740d33f968d826374998fb7"
url = "https://github.com/astral-sh/python-build-standalone/releases/download/20260623/cpython-3.12.13+20260623-aarch64-apple-darwin-install_only_stripped.tar.gz"
provenance = "github-attestations"

[tools.python."platforms.macos-x64"]
checksum = "sha256:a6bbea996c5f14eb55ab275889d2df45408deec504b4a7219d7b59c045b2555e"
url = "https://github.com/astral-sh/python-build-standalone/releases/download/20260623/cpython-3.12.13+20260623-x86_64-apple-darwin-install_only_stripped.tar.gz"
provenance = "github-attestations"

[tools.python."platforms.windows-x64"]
checksum = "sha256:de3e362376859b060fa8b856c434efa81fcf6d4ede3d6e177c7e2169670cac50"
url = "https://github.com/astral-sh/python-build-standalone/releases/download/20260623/cpython-3.12.13+20260623-x86_64-pc-windows-msvc-install_only_stripped.tar.gz"
provenance = "github-attestations"

[[tools.uv]]
version = "0.11.25"
backend = "aqua:astral-sh/uv"

[tools.uv."platforms.linux-arm64"]
checksum = "sha256:3d9c9a95f1868ff20ac880712f3a337d710ea4b65f135184b7a35635d1acbf84"
url = "https://github.com/astral-sh/uv/releases/download/0.11.25/uv-aarch64-unknown-linux-musl.tar.gz"
provenance = "github-attestations"

[tools.uv."platforms.linux-arm64-musl"]
checksum = "sha256:3d9c9a95f1868ff20ac880712f3a337d710ea4b65f135184b7a35635d1acbf84"
url = "https://github.com/astral-sh/uv/releases/download/0.11.25/uv-aarch64-unknown-linux-musl.tar.gz"
provenance = "github-attestations"

[tools.uv."platforms.linux-x64"]
checksum = "sha256:7195cfcc1785d0c559d4682ad9109f26664b8db4d828d42d66078ef454061891"
url = "https://github.com/astral-sh/uv/releases/download/0.11.25/uv-x86_64-unknown-linux-musl.tar.gz"
provenance = "github-attestations"

[tools.uv."platforms.linux-x64-musl"]
checksum = "sha256:7195cfcc1785d0c559d4682ad9109f26664b8db4d828d42d66078ef454061891"
url = "https://github.com/astral-sh/uv/releases/download/0.11.25/uv-x86_64-unknown-linux-musl.tar.gz"
provenance = "github-attestations"

[tools.uv."platforms.macos-arm64"]
checksum = "sha256:5fc334bb25d19806262efd1f6e7d380155c7e817d89bf426df4ba7ae873c9471"
url = "https://github.com/astral-sh/uv/releases/download/0.11.25/uv-aarch64-apple-darwin.tar.gz"
provenance = "github-attestations"

[tools.uv."platforms.macos-x64"]
checksum = "sha256:65ff85b33212f75d34d7c0f0724aba9a742c74f62559f67dc0d6c543dc2fc52f"
url = "https://github.com/astral-sh/uv/releases/download/0.11.25/uv-x86_64-apple-darwin.tar.gz"
provenance = "github-attestations"

[tools.uv."platforms.windows-x64"]
checksum = "sha256:15bfd1423b7eaa7aae949922d4712ebaac2bb44a81af64ab59bbe007090cb0d0"
url = "https://github.com/astral-sh/uv/releases/download/0.11.25/uv-x86_64-pc-windows-msvc.zip"
provenance = "github-attestations"
