# @generated - this file is auto-generated by `mise lock` https://mise.en.dev/dev-tools/mise-lock.html

[[tools.python]]
version = "3.12.13"
backend = "core:python"

[tools.python."platforms.linux-arm64"]
checksum = "sha256:b85154b9c7ca9de3f85f2c9f032d503151db16ef198de86b885fc61890c075ed"
url = "https://github.com/astral-sh/python-build-standalone/releases/download/20260623/cpython-3.12.13+20260623-aarch64-unknown-linux-gnu-install_only_stripped.tar.gz"
provenance = "github-attestations"

[tools.python."platforms.linux-arm64-musl"]
checksum = "sha256:66f59eb91a2c7e4fe11201e71d23abf1e14730e37d7ae86c68c50124f7c6d5b7"
url = "https://github.com/astral-sh/python-build-standalone/releases/download/20260623/cpython-3.12.13+20260623-aarch64-unknown-linux-musl-install_only_stripped.tar.gz"
provenance = "github-attestations"

[tools.python."platforms.linux-x64"]
checksum = "sha256:10a452caac7041357805f0c19a60576df53f1ab06d1abfc9200f1f0157cb3bd1"
url = "https://github.com/astral-sh/python-build-standalone/releases/download/20260623/cpython-3.12.13+20260623-x86_64-unknown-linux-gnu-install_only_stripped.tar.gz"
provenance = "github-attestations"

[tools.python."platforms.linux-x64-musl"]
checksum = "sha256:c97f849b60b7baf80c5fe734e905a777d668be86bf530274041682a7a7b239da"
url = "https://github.com/astral-sh/python-build-standalone/releases/download/20260623/cpython-3.12.13+20260623-x86_64-unknown-linux-musl-install_only_stripped.tar.gz"
provenance = "github-attestations"

[tools.python."platforms.macos-arm64"]
checksum = "sha256:41df7d3ae4757e84b97874f76d634268456aaa271740d33f968d826374998fb7"
url = "https://github.com/astral-sh/python-build-standalone/releases/download/20260623/cpython-3.12.13+20260623-aarch64-apple-darwin-install_only_stripped.tar.gz"
provenance = "github-attestations"

[tools.python."platforms.macos-x64"]
checksum = "sha256:a6bbea996c5f14eb55ab275889d2df45408deec504b4a7219d7b59c045b2555e"
url = "https://github.com/astral-sh/python-build-standalone/releases/download/20260623/cpython-3.12.13+20260623-x86_64-apple-darwin-install_only_stripped.tar.gz"
provenance = "github-attestations"

[tools.python."platforms.windows-x64"]
checksum = "sha256:de3e362376859b060fa8b856c434efa81fcf6d4ede3d6e177c7e2169670cac50"
url = "https://github.com/astral-sh/python-build-standalone/releases/download/20260623/cpython-3.12.13+20260623-x86_64-pc-windows-msvc-install_only_stripped.tar.gz"
provenance = "github-attestations"
